
Microsoft Visual Studio Solution File, Format Version 12.00
# Visual Studio 15
VisualStudioVersion = 15.0.28307.1972
MinimumVisualStudioVersion = 10.0.40219.1
Project("{FAE04EC0-301F-11D3-BF4B-00C04F79EFBC}") = "Semenar1", "Semenar1\Semenar1.csproj", "{259038EA-511F-4469-B4F6-D059231C07BF}"
EndProject
Global
	GlobalSection(SolutionConfigurationPlatforms) = preSolution
		Debug|Any CPU = Debug|Any CPU
		Release|Any CPU = Release|Any CPU
	EndGlobalSection
	GlobalSection(ProjectConfigurationPlatforms) = postSolution
		{259038EA-511F-4469-B4F6-D059231C07BF}.Debug|Any CPU.ActiveCfg = Debug|Any CPU
		{259038EA-511F-4469-B4F6-D059231C07BF}.Debug|Any CPU.Build.0 = Debug|Any CPU
		{259038EA-511F-4469-B4F6-D059231C07BF}.Release|Any CPU.ActiveCfg = Release|Any CPU
		{259038EA-511F-4469-B4F6-D059231C07BF}.Release|Any CPU.Build.0 = Release|Any CPU
	EndGlobalSection
	GlobalSection(SolutionProperties) = preSolution
		HideSolutionNode = FALSE
	EndGlobalSection
	GlobalSection(ExtensibilityGlobals) = postSolution
		SolutionGuid = {F8F51AD4-552B-4D8D-8DC5-536FFF855D47}
	EndGlobalSection
EndGlobal
